# THIS IS AN AUTOGENERATED FILE. DO NOT EDIT THIS FILE DIRECTLY.
# yarn lockfile v1


"@messageformat/core@^3.0.0":
  version "3.0.1"
  resolved "https://registry.npmjs.org/@messageformat/core/-/core-3.0.1.tgz"
  integrity sha512-yxj2+0e46hcZqJfNf0ZYbC2q6WlcGoh4g11mCyRtTueR0AD8F9z4JMYAS1aOiFG8Vl1LZg/h5hZHKmWTAyZq8g==
  dependencies:
    "@messageformat/date-skeleton" "^1.0.0"
    "@messageformat/number-skeleton" "^1.0.0"
    "@messageformat/parser" "^5.0.0"
    "@messageformat/runtime" "^3.0.1"
    make-plural "^7.0.0"
    safe-identifier "^0.4.1"

"@messageformat/date-skeleton@^1.0.0":
  version "1.0.1"
  resolved "https://registry.npmjs.org/@messageformat/date-skeleton/-/date-skeleton-1.0.1.tgz"
  integrity sha512-jPXy8fg+WMPIgmGjxSlnGJn68h/2InfT0TNSkVx0IGXgp4ynnvYkbZ51dGWmGySEK+pBiYUttbQdu5XEqX5CRg==

"@messageformat/number-skeleton@^1.0.0":
  version "1.1.0"
  resolved "https://registry.npmjs.org/@messageformat/number-skeleton/-/number-skeleton-1.1.0.tgz"
  integrity sha512-F0Io+GOSvFFxvp9Ze3L5kAoZ2NnOAT0Mr/jpGNd3fqo8A0t4NxNIAcCdggtl2B/gN2ErkIKSBVPrF7xcW1IGvA==

"@messageformat/parser@^5.0.0":
  version "5.0.0"
  resolved "https://registry.npmjs.org/@messageformat/parser/-/parser-5.0.0.tgz"
  integrity sha512-WiDKhi8F0zQaFU8cXgqq69eYFarCnTVxKcvhAONufKf0oUxbqLMW6JX6rV4Hqh+BEQWGyKKKHY4g1XA6bCLylA==
  dependencies:
    moo "^0.5.1"

"@messageformat/runtime@^3.0.1":
  version "3.0.1"
  resolved "https://registry.npmjs.org/@messageformat/runtime/-/runtime-3.0.1.tgz"
  integrity sha512-6RU5ol2lDtO8bD9Yxe6CZkl0DArdv0qkuoZC+ZwowU+cdRlVE1157wjCmlA5Rsf1Xc/brACnsZa5PZpEDfTFFg==
  dependencies:
    make-plural "^7.0.0"

boolean@^3.1.4:
  version "3.2.0"
  resolved "https://registry.npmjs.org/boolean/-/boolean-3.2.0.tgz"
  integrity sha512-d0II/GO9uf9lfUHH2BQsjxzRJZBdsjgsBiW4BvhWk/3qoKwQFjIDVN19PfX8F2D/r9PCMTtLWjYVCFrpeYUzsw==

bootstrap-growl-ifightcrime@^1.1.0:
  version "1.1.0"
  resolved "https://registry.yarnpkg.com/bootstrap-growl-ifightcrime/-/bootstrap-growl-ifightcrime-1.1.0.tgz#3f83c12bd29281315580a05ec13841d60031539e"
  integrity sha512-GDHa1aB/nQWaSZQF0dIWnDFDFsdUGcExYR83scVzDXWxjK/W0ZWSXKxK1wvvQeOGgKaLmAY8MLdxCqYc/1DnxQ==

bootstrap@3.3.7:
  version "3.3.7"
  resolved "https://registry.npmjs.org/bootstrap/-/bootstrap-3.3.7.tgz"
  integrity sha512-qcFaisBrcBhTFkz1IUnGDYnX6ZWfFzH8zOixUDtHW9Ip+r+7MfMFav2rzy7cIHc7rgIg7xjhWBoo1mS/U26j4g==

debug@^4.3.3:
  version "4.3.4"
  resolved "https://registry.npmjs.org/debug/-/debug-4.3.4.tgz"
  integrity sha512-PRWFHuSU3eDtQJPvnNY7Jcket1j0t5OuOsFzPPzsekD52Zl8qUfFIPEiswXqIvHWGVHOgX+7G/vCNNhehwxfkQ==
  dependencies:
    ms "2.1.2"

fast-printf@^1.6.9:
  version "1.6.9"
  resolved "https://registry.npmjs.org/fast-printf/-/fast-printf-1.6.9.tgz"
  integrity sha512-FChq8hbz65WMj4rstcQsFB0O7Cy++nmbNfLYnD9cYv2cRn8EG6k/MGn9kO/tjO66t09DLDugj3yL+V2o6Qftrg==
  dependencies:
    boolean "^3.1.4"

fastclick@1.0.6:
  version "1.0.6"
  resolved "https://registry.npmjs.org/fastclick/-/fastclick-1.0.6.tgz"
  integrity sha512-cXyDBT4g0uWl/Xe75QspBDAgAWQ0lkPi/zgp6YFEUHj6WV6VIZl7R6TiDZhdOVU3W4ehp/8tG61Jev1jit+ztQ==

font-awesome@4.6.3:
  version "4.6.3"
  resolved "https://registry.npmjs.org/font-awesome/-/font-awesome-4.6.3.tgz"
  integrity sha512-I5rWuHv7MI5uYDGFT1SJohxdkTfks41QQ9fvMEzvBnWppsehXnoj8LNuW4MGtawSrHvApYVhCZSC7rk5wDycyw==

i18n@^0.15.1:
  version "0.15.1"
  resolved "https://registry.npmjs.org/i18n/-/i18n-0.15.1.tgz"
  integrity sha512-yue187t8MqUPMHdKjiZGrX+L+xcUsDClGO0Cz4loaKUOK9WrGw5pgan4bv130utOwX7fHE9w2iUeHFalVQWkXA==
  dependencies:
    "@messageformat/core" "^3.0.0"
    debug "^4.3.3"
    fast-printf "^1.6.9"
    make-plural "^7.0.0"
    math-interval-parser "^2.0.1"
    mustache "^4.2.0"

jquery-mousewheel@>=3.0.6:
  version "3.1.13"
  resolved "https://registry.npmjs.org/jquery-mousewheel/-/jquery-mousewheel-3.1.13.tgz"
  integrity sha512-GXhSjfOPyDemM005YCEHvzrEALhKDIswtxSHSR2e4K/suHVJKJxxRCGz3skPjNxjJjQa9AVSGGlYjv1M3VLIPg==

jquery@3.3.1:
  version "3.3.1"
  resolved "https://registry.npmjs.org/jquery/-/jquery-3.3.1.tgz"
  integrity sha512-Ubldcmxp5np52/ENotGxlLe6aGMvmF4R8S6tZjsP6Knsaxd/xp3Zrh50cG93lR6nPXyUFwzN3ZSOQI0wRJNdGg==

make-plural@^7.0.0:
  version "7.2.0"
  resolved "https://registry.npmjs.org/make-plural/-/make-plural-7.2.0.tgz"
  integrity sha512-WkdI+iaWaBCFM2wUXwos8Z7spg5Dt64Xe/VI6NpRaly21cDtD76N6S97K//UtzV0dHOiXX+E90TnszdXHG0aMg==

malihu-custom-scrollbar-plugin@3.1.3:
  version "3.1.3"
  resolved "https://registry.npmjs.org/malihu-custom-scrollbar-plugin/-/malihu-custom-scrollbar-plugin-3.1.3.tgz"
  integrity sha512-eBZLL+6BgplQvOrdY0aTsaSn/VWIqS4wOjxg/w/f9RboM2R0EaijhTiR2+Kk9NzcJLbER65DYI9qtYy6TtrbaQ==
  dependencies:
    jquery-mousewheel ">=3.0.6"

math-interval-parser@^2.0.1:
  version "2.0.1"
  resolved "https://registry.npmjs.org/math-interval-parser/-/math-interval-parser-2.0.1.tgz"
  integrity sha512-VmlAmb0UJwlvMyx8iPhXUDnVW1F9IrGEd9CIOmv+XL8AErCUUuozoDMrgImvnYt2A+53qVX/tPW6YJurMKYsvA==

metismenu@3.0.3:
  version "3.0.3"
  resolved "https://registry.npmjs.org/metismenu/-/metismenu-3.0.3.tgz"
  integrity sha512-nd3+yxSivGG0a5JZJxzlbXQv9aovf1yLjIYfa/s49PrvgTLlJsoe90kw9RbA6RPbPatJxENX0CegX4Hlbfaw8w==

moo@^0.5.1:
  version "0.5.2"
  resolved "https://registry.npmjs.org/moo/-/moo-0.5.2.tgz"
  integrity sha512-iSAJLHYKnX41mKcJKjqvnAN9sf0LMDTXDEvFv+ffuRR9a1MIuXLjMNL6EsnDHSkKLTWNqQQ5uo61P4EbU4NU+Q==

ms@2.1.2:
  version "2.1.2"
  resolved "https://registry.npmjs.org/ms/-/ms-2.1.2.tgz"
  integrity sha512-sGkPx+VjMtmA6MX27oA4FBFELFCZZ4S4XqeGOXCv68tT+jb3vk/RyaKWP0PTKyWtmLSM0b+adUTEvbs1PEaH2w==

mustache@^4.2.0:
  version "4.2.0"
  resolved "https://registry.npmjs.org/mustache/-/mustache-4.2.0.tgz"
  integrity sha512-71ippSywq5Yb7/tVYyGbkBggbU8H3u5Rz56fH60jGFgr8uHwxs+aSKeqmluIVzM0m0kB7xQjKS6qPfd0b2ZoqQ==

nprogress@0.2.0:
  version "0.2.0"
  resolved "https://registry.npmjs.org/nprogress/-/nprogress-0.2.0.tgz"
  integrity sha512-I19aIingLgR1fmhftnbWWO3dXc0hSxqHQHQb3H8m+K3TnEn/iSeTZZOyvKXWqQESMwuUVnatlCnZdLBZZt2VSA==

safe-identifier@^0.4.1:
  version "0.4.2"
  resolved "https://registry.npmjs.org/safe-identifier/-/safe-identifier-0.4.2.tgz"
  integrity sha512-6pNbSMW6OhAi9j+N8V+U715yBQsaWJ7eyEUaOrawX+isg5ZxhUlV1NipNtgaKHmFGiABwt+ZF04Ii+3Xjkg+8w==
